
Microsoft Visual Studio Solution File, Format Version 12.00
# Visual Studio 15
VisualStudioVersion = 15.0.28307.1259
MinimumVisualStudioVersion = 10.0.40219.1
Project("{FAE04EC0-301F-11D3-BF4B-00C04F79EFBC}") = "Devil's_Tracker", "Devil's_Tracker\Devil's_Tracker.csproj", "{A0A1CA9B-A78D-4E59-9291-049848483957}"
EndProject
Global
	GlobalSection(SolutionConfigurationPlatforms) = preSolution
		Debug|Any CPU = Debug|Any CPU
		Release|Any CPU = Release|Any CPU
	EndGlobalSection
	GlobalSection(ProjectConfigurationPlatforms) = postSolution
		{A0A1CA9B-A78D-4E59-9291-049848483957}.Debug|Any CPU.ActiveCfg = Debug|Any CPU
		{A0A1CA9B-A78D-4E59-9291-049848483957}.Debug|Any CPU.Build.0 = Debug|Any CPU
		{A0A1CA9B-A78D-4E59-9291-049848483957}.Release|Any CPU.ActiveCfg = Release|Any CPU
		{A0A1CA9B-A78D-4E59-9291-049848483957}.Release|Any CPU.Build.0 = Release|Any CPU
	EndGlobalSection
	GlobalSection(SolutionProperties) = preSolution
		HideSolutionNode = FALSE
	EndGlobalSection
	GlobalSection(ExtensibilityGlobals) = postSolution
		SolutionGuid = {C1ECEEB2-91F3-480C-827A-C2DEA09F34AD}
	EndGlobalSection
EndGlobal
